
Microsoft Visual Studio Solution File, Format Version 12.00
# Visual Studio Version 17
VisualStudioVersion = 17.11.35312.102
MinimumVisualStudioVersion = 10.0.40219.1
Project("{FAE04EC0-301F-11D3-BF4B-00C04F79EFBC}") = "City", "City\City.csproj", "{47A92BC9-3A5F-46E7-B843-29A5C4DBBA4E}"
EndProject
Global
	GlobalSection(SolutionConfigurationPlatforms) = preSolution
		Debug|Any CPU = Debug|Any CPU
		Release|Any CPU = Release|Any CPU
	EndGlobalSection
	GlobalSection(ProjectConfigurationPlatforms) = postSolution
		{47A92BC9-3A5F-46E7-B843-29A5C4DBBA4E}.Debug|Any CPU.ActiveCfg = Debug|Any CPU
		{47A92BC9-3A5F-46E7-B843-29A5C4DBBA4E}.Debug|Any CPU.Build.0 = Debug|Any CPU
		{47A92BC9-3A5F-46E7-B843-29A5C4DBBA4E}.Release|Any CPU.ActiveCfg = Release|Any CPU
		{47A92BC9-3A5F-46E7-B843-29A5C4DBBA4E}.Release|Any CPU.Build.0 = Release|Any CPU
	EndGlobalSection
	GlobalSection(SolutionProperties) = preSolution
		HideSolutionNode = FALSE
	EndGlobalSection
	GlobalSection(ExtensibilityGlobals) = postSolution
		SolutionGuid = {D2592A64-7647-4700-8F8C-7BF22D832726}
	EndGlobalSection
EndGlobal
