
Microsoft Visual Studio Solution File, Format Version 12.00
# Visual Studio Version 17
VisualStudioVersion = 17.11.35312.102
MinimumVisualStudioVersion = 10.0.40219.1
Project("{9A19103F-16F7-4668-BE54-9A1E7A4F7556}") = "Kursovaya_BD", "Kursovaya_BD\Kursovaya_BD.csproj", "{4C066C75-0333-4DA8-9B13-440596DB5127}"
EndProject
Project("{9A19103F-16F7-4668-BE54-9A1E7A4F7556}") = "SharedModels", "..\SharedModels\SharedModels\SharedModels.csproj", "{944C9162-8FB7-4F44-B170-9BDAEECFCB94}"
EndProject
Project("{9A19103F-16F7-4668-BE54-9A1E7A4F7556}") = "Employees", "..\Employees\Employees\Employees.csproj", "{4DD47031-A9A2-44C1-B4E9-2CC6BC2EEFD6}"
EndProject
Project("{9A19103F-16F7-4668-BE54-9A1E7A4F7556}") = "City", "..\City\City\City.csproj", "{BB17BA3A-2636-460F-9AF6-C99205AB340E}"
EndProject
Project("{9A19103F-16F7-4668-BE54-9A1E7A4F7556}") = "UnitOfMeasurements", "..\UnitOfMeasurements\UnitOfMeasurements\UnitOfMeasurements.csproj", "{2E12D38D-E755-4479-B74C-F9440B63DF21}"
EndProject
Global
	GlobalSection(SolutionConfigurationPlatforms) = preSolution
		Debug|Any CPU = Debug|Any CPU
		Release|Any CPU = Release|Any CPU
	EndGlobalSection
	GlobalSection(ProjectConfigurationPlatforms) = postSolution
		{4C066C75-0333-4DA8-9B13-440596DB5127}.Debug|Any CPU.ActiveCfg = Debug|Any CPU
		{4C066C75-0333-4DA8-9B13-440596DB5127}.Debug|Any CPU.Build.0 = Debug|Any CPU
		{4C066C75-0333-4DA8-9B13-440596DB5127}.Release|Any CPU.ActiveCfg = Release|Any CPU
		{4C066C75-0333-4DA8-9B13-440596DB5127}.Release|Any CPU.Build.0 = Release|Any CPU
		{944C9162-8FB7-4F44-B170-9BDAEECFCB94}.Debug|Any CPU.ActiveCfg = Debug|Any CPU
		{944C9162-8FB7-4F44-B170-9BDAEECFCB94}.Debug|Any CPU.Build.0 = Debug|Any CPU
		{944C9162-8FB7-4F44-B170-9BDAEECFCB94}.Release|Any CPU.ActiveCfg = Release|Any CPU
		{944C9162-8FB7-4F44-B170-9BDAEECFCB94}.Release|Any CPU.Build.0 = Release|Any CPU
		{4DD47031-A9A2-44C1-B4E9-2CC6BC2EEFD6}.Debug|Any CPU.ActiveCfg = Debug|Any CPU
		{4DD47031-A9A2-44C1-B4E9-2CC6BC2EEFD6}.Debug|Any CPU.Build.0 = Debug|Any CPU
		{4DD47031-A9A2-44C1-B4E9-2CC6BC2EEFD6}.Release|Any CPU.ActiveCfg = Release|Any CPU
		{4DD47031-A9A2-44C1-B4E9-2CC6BC2EEFD6}.Release|Any CPU.Build.0 = Release|Any CPU
		{BB17BA3A-2636-460F-9AF6-C99205AB340E}.Debug|Any CPU.ActiveCfg = Debug|Any CPU
		{BB17BA3A-2636-460F-9AF6-C99205AB340E}.Debug|Any CPU.Build.0 = Debug|Any CPU
		{BB17BA3A-2636-460F-9AF6-C99205AB340E}.Release|Any CPU.ActiveCfg = Release|Any CPU
		{BB17BA3A-2636-460F-9AF6-C99205AB340E}.Release|Any CPU.Build.0 = Release|Any CPU
		{2E12D38D-E755-4479-B74C-F9440B63DF21}.Debug|Any CPU.ActiveCfg = Debug|Any CPU
		{2E12D38D-E755-4479-B74C-F9440B63DF21}.Debug|Any CPU.Build.0 = Debug|Any CPU
		{2E12D38D-E755-4479-B74C-F9440B63DF21}.Release|Any CPU.ActiveCfg = Release|Any CPU
		{2E12D38D-E755-4479-B74C-F9440B63DF21}.Release|Any CPU.Build.0 = Release|Any CPU
	EndGlobalSection
	GlobalSection(SolutionProperties) = preSolution
		HideSolutionNode = FALSE
	EndGlobalSection
	GlobalSection(ExtensibilityGlobals) = postSolution
		SolutionGuid = {59D55254-18AA-4FD5-A54C-3C6A8D682E76}
	EndGlobalSection
EndGlobal
